
Microsoft Visual Studio Solution File, Format Version 12.00
# Visual Studio 2017
Project("{FAE04EC0-301F-11D3-BF4B-00C04F79EFBC}") = "LittlePlanets", "LittlePlanets.csproj", "{A519E2D2-0A32-9B6A-1506-93237147716D}"
EndProject
Global
	GlobalSection(SolutionConfigurationPlatforms) = preSolution
		Debug|Any CPU = Debug|Any CPU
		Release|Any CPU = Release|Any CPU
	EndGlobalSection
	GlobalSection(ProjectConfigurationPlatforms) = postSolution
		{A519E2D2-0A32-9B6A-1506-93237147716D}.Debug|Any CPU.ActiveCfg = Debug|Any CPU
		{A519E2D2-0A32-9B6A-1506-93237147716D}.Debug|Any CPU.Build.0 = Debug|Any CPU
		{A519E2D2-0A32-9B6A-1506-93237147716D}.Release|Any CPU.ActiveCfg = Release|Any CPU
		{A519E2D2-0A32-9B6A-1506-93237147716D}.Release|Any CPU.Build.0 = Release|Any CPU
	EndGlobalSection
	GlobalSection(SolutionProperties) = preSolution
		HideSolutionNode = FALSE
	EndGlobalSection
EndGlobal
